schema: '2.0'
stages:
  data_preprocessing:
    cmd: python src\data_preprocessing.py
    deps:
    - path: data\raw\zameen-updated.csv
      hash: md5
      md5: 862ce971c086da8903e8ecc7c8a52c92
      size: 49522076
    - path: src\data_preprocessing.py
      hash: md5
      md5: 0b45c649727c4f89f3f8c948cb09aa0a
      size: 2190
    outs:
    - path: data\processed\processed_data.csv
      hash: md5
      md5: d9aa7394a72c5225bf7ea1c47762de66
      size: 6491981
  feature_engineering:
    cmd: python src\feature_engineering.py
    deps:
    - path: data\processed\processed_data.csv
      hash: md5
      md5: d9aa7394a72c5225bf7ea1c47762de66
      size: 6491981
    - path: src\feature_engineering.py
      hash: md5
      md5: 063fec233ea13c3ba8d6123b9490c720
      size: 5421
    outs:
    - path: data/features/X_test.csv
      hash: md5
      md5: 66a11d6ed3b731dc0585ee39fd15efec
      size: 5431135
    - path: data/features/X_train.csv
      hash: md5
      md5: f8eca74f977778f418eb7af6e54c3ede
      size: 21728752
    - path: data/features/y_test.csv
      hash: md5
      md5: c1ec9ada774fa2404a7d955b8b196355
      size: 206305
    - path: data/features/y_train.csv
      hash: md5
      md5: ec9421e2efd809d917fb760926ecaf11
      size: 824389
  train:
    cmd: python src\train.py
    deps:
    - path: data\features\X_test.csv
      hash: md5
      md5: 66a11d6ed3b731dc0585ee39fd15efec
      size: 5431135
    - path: data\features\X_train.csv
      hash: md5
      md5: f8eca74f977778f418eb7af6e54c3ede
      size: 21728752
    - path: data\features\y_test.csv
      hash: md5
      md5: c1ec9ada774fa2404a7d955b8b196355
      size: 206305
    - path: data\features\y_train.csv
      hash: md5
      md5: ec9421e2efd809d917fb760926ecaf11
      size: 824389
    - path: src\train.py
      hash: md5
      md5: 09abc34fefcd422575eef6479c7862f0
      size: 3754
    outs:
    - path: models\best_model.pkl
      hash: md5
      md5: fd9c5a8fc3e9175ebed2edff07c2c073
      size: 96563833
  evaluate:
    cmd: python src\evaluate.py
    deps:
    - path: models\best_model.pkl
      hash: md5
      md5: fd9c5a8fc3e9175ebed2edff07c2c073
      size: 96563833
    - path: src\evaluate.py
      hash: md5
      md5: 3ccc563fe400ea85e4f6f076d1dee171
      size: 4288
    outs:
    - path: reports\metrics.json
      hash: md5
      md5: 12b79898f86cb780d28631b41148b78a
      size: 104
